
Microsoft Visual Studio Solution File, Format Version 12.00
# Visual Studio Version 16
VisualStudioVersion = 16.0.29806.167
MinimumVisualStudioVersion = 10.0.40219.1
Project("{FAE04EC0-301F-11D3-BF4B-00C04F79EFBC}") = "Lab4.5_Tammy_Griffin", "Lab4.5_Tammy_Griffin\Lab4.5_Tammy_Griffin.csproj", "{82E849E2-3EB6-41D8-BDB6-C751210B8DDB}"
EndProject
Global
	GlobalSection(SolutionConfigurationPlatforms) = preSolution
		Debug|Any CPU = Debug|Any CPU
		Release|Any CPU = Release|Any CPU
	EndGlobalSection
	GlobalSection(ProjectConfigurationPlatforms) = postSolution
		{82E849E2-3EB6-41D8-BDB6-C751210B8DDB}.Debug|Any CPU.ActiveCfg = Debug|Any CPU
		{82E849E2-3EB6-41D8-BDB6-C751210B8DDB}.Debug|Any CPU.Build.0 = Debug|Any CPU
		{82E849E2-3EB6-41D8-BDB6-C751210B8DDB}.Release|Any CPU.ActiveCfg = Release|Any CPU
		{82E849E2-3EB6-41D8-BDB6-C751210B8DDB}.Release|Any CPU.Build.0 = Release|Any CPU
	EndGlobalSection
	GlobalSection(SolutionProperties) = preSolution
		HideSolutionNode = FALSE
	EndGlobalSection
	GlobalSection(ExtensibilityGlobals) = postSolution
		SolutionGuid = {BEC83621-02D9-409E-947D-8707B9E23FCB}
	EndGlobalSection
EndGlobal
