
Microsoft Visual Studio Solution File, Format Version 12.00
# Visual Studio Version 16
VisualStudioVersion = 16.0.29806.167
MinimumVisualStudioVersion = 10.0.40219.1
Project("{FAE04EC0-301F-11D3-BF4B-00C04F79EFBC}") = "Lab_5.4_ TammyGriffin", "Lab_5.4_ TammyGriffin\Lab_5.4_ TammyGriffin.csproj", "{AC9DB938-57A1-4A0D-BB63-E2280AE14186}"
EndProject
Global
	GlobalSection(SolutionConfigurationPlatforms) = preSolution
		Debug|Any CPU = Debug|Any CPU
		Release|Any CPU = Release|Any CPU
	EndGlobalSection
	GlobalSection(ProjectConfigurationPlatforms) = postSolution
		{AC9DB938-57A1-4A0D-BB63-E2280AE14186}.Debug|Any CPU.ActiveCfg = Debug|Any CPU
		{AC9DB938-57A1-4A0D-BB63-E2280AE14186}.Debug|Any CPU.Build.0 = Debug|Any CPU
		{AC9DB938-57A1-4A0D-BB63-E2280AE14186}.Release|Any CPU.ActiveCfg = Release|Any CPU
		{AC9DB938-57A1-4A0D-BB63-E2280AE14186}.Release|Any CPU.Build.0 = Release|Any CPU
	EndGlobalSection
	GlobalSection(SolutionProperties) = preSolution
		HideSolutionNode = FALSE
	EndGlobalSection
	GlobalSection(ExtensibilityGlobals) = postSolution
		SolutionGuid = {B357FC57-DEDE-4059-BFD6-64A036E19FD1}
	EndGlobalSection
EndGlobal
